
Microsoft Visual Studio Solution File, Format Version 12.00
# Visual Studio Version 17
VisualStudioVersion = 17.5.33424.131
MinimumVisualStudioVersion = 10.0.40219.1
Project("{FAE04EC0-301F-11D3-BF4B-00C04F79EFBC}") = "WindowsFormsApp1", "WindowsFormsApp1.csproj", "{7DD739E1-A036-48BF-B01B-21D00AD3A65C}"
EndProject
Global
	GlobalSection(SolutionConfigurationPlatforms) = preSolution
		Debug|Any CPU = Debug|Any CPU
		Release|Any CPU = Release|Any CPU
	EndGlobalSection
	GlobalSection(ProjectConfigurationPlatforms) = postSolution
		{7DD739E1-A036-48BF-B01B-21D00AD3A65C}.Debug|Any CPU.ActiveCfg = Debug|Any CPU
		{7DD739E1-A036-48BF-B01B-21D00AD3A65C}.Debug|Any CPU.Build.0 = Debug|Any CPU
		{7DD739E1-A036-48BF-B01B-21D00AD3A65C}.Release|Any CPU.ActiveCfg = Release|Any CPU
		{7DD739E1-A036-48BF-B01B-21D00AD3A65C}.Release|Any CPU.Build.0 = Release|Any CPU
	EndGlobalSection
	GlobalSection(SolutionProperties) = preSolution
		HideSolutionNode = FALSE
	EndGlobalSection
	GlobalSection(ExtensibilityGlobals) = postSolution
		SolutionGuid = {5F9851A8-0478-470A-845F-086E48912434}
	EndGlobalSection
EndGlobal
